
Microsoft Visual Studio Solution File, Format Version 12.00
# Visual Studio Version 17
VisualStudioVersion = 17.8.34330.188
MinimumVisualStudioVersion = 10.0.40219.1
Project("{9A19103F-16F7-4668-BE54-9A1E7A4F7556}") = "ArionCore.Quiznight", "ArionCore.Quiznight\ArionCore.Quiznight.csproj", "{6727032A-DA78-46AA-8C9F-5579E24B28B5}"
EndProject
Global
	GlobalSection(SolutionConfigurationPlatforms) = preSolution
		Debug|Any CPU = Debug|Any CPU
		Release|Any CPU = Release|Any CPU
	EndGlobalSection
	GlobalSection(ProjectConfigurationPlatforms) = postSolution
		{6727032A-DA78-46AA-8C9F-5579E24B28B5}.Debug|Any CPU.ActiveCfg = Release|Any CPU
		{6727032A-DA78-46AA-8C9F-5579E24B28B5}.Debug|Any CPU.Build.0 = Release|Any CPU
		{6727032A-DA78-46AA-8C9F-5579E24B28B5}.Release|Any CPU.ActiveCfg = Release|Any CPU
		{6727032A-DA78-46AA-8C9F-5579E24B28B5}.Release|Any CPU.Build.0 = Release|Any CPU
	EndGlobalSection
	GlobalSection(SolutionProperties) = preSolution
		HideSolutionNode = FALSE
	EndGlobalSection
	GlobalSection(ExtensibilityGlobals) = postSolution
		SolutionGuid = {6A151942-9524-4AA5-99AD-AFEEA60352CE}
	EndGlobalSection
EndGlobal
